
Microsoft Visual Studio Solution File, Format Version 12.00
# Visual Studio 15
VisualStudioVersion = 15.0.27130.2020
MinimumVisualStudioVersion = 10.0.40219.1
Project("{FAE04EC0-301F-11D3-BF4B-00C04F79EFBC}") = "project", "project\project.csproj", "{92B99270-2926-4A43-8F9D-9CC6DB723CBF}"
EndProject
Global
	GlobalSection(SolutionConfigurationPlatforms) = preSolution
		Debug|Any CPU = Debug|Any CPU
		Release|Any CPU = Release|Any CPU
	EndGlobalSection
	GlobalSection(ProjectConfigurationPlatforms) = postSolution
		{92B99270-2926-4A43-8F9D-9CC6DB723CBF}.Debug|Any CPU.ActiveCfg = Debug|Any CPU
		{92B99270-2926-4A43-8F9D-9CC6DB723CBF}.Debug|Any CPU.Build.0 = Debug|Any CPU
		{92B99270-2926-4A43-8F9D-9CC6DB723CBF}.Release|Any CPU.ActiveCfg = Release|Any CPU
		{92B99270-2926-4A43-8F9D-9CC6DB723CBF}.Release|Any CPU.Build.0 = Release|Any CPU
	EndGlobalSection
	GlobalSection(SolutionProperties) = preSolution
		HideSolutionNode = FALSE
	EndGlobalSection
	GlobalSection(ExtensibilityGlobals) = postSolution
		SolutionGuid = {8E339FDF-E5AF-4B5B-8B52-B2D86F92C0F8}
	EndGlobalSection
EndGlobal
